PODS:
  - ActionSheetPicker-3.0 (2.2.0)
  - DLRadioButton (1.4.9)
  - DZNEmptyDataSet (1.8.1)
  - IQKeyboardManagerSwift (4.0.10)
  - MBProgressHUD (1.0.0)
  - TextFieldEffects (1.3.3)

DEPENDENCIES:
  - ActionSheetPicker-3.0
  - DLRadioButton
  - DZNEmptyDataSet
  - IQKeyboardManagerSwift
  - MBProgressHUD
  - TextFieldEffects

SPEC CHECKSUMS:
  ActionSheetPicker-3.0: d11a4c12c6aaf704b8a3f56d179198c99f3e41e6
  DLRadioButton: 7bb8a6e3768b572469ace553391ab4d2af6f9c19
  DZNEmptyDataSet: 9525833b9e68ac21c30253e1d3d7076cc828eaa7
  IQKeyboardManagerSwift: 75ba21a23794a1e6b6fe6d9a267ea17f80e06771
  MBProgressHUD: 4890f671c94e8a0f3cf959aa731e9de2f036d71a
  TextFieldEffects: 8706f53525f1ce51c8921b7af32237caab50c467

PODFILE CHECKSUM: b5fea7fbcb6e17fe179de0c20348e79b5ea7da03

COCOAPODS: 1.2.0
